
Microsoft Visual Studio Solution File, Format Version 12.00
# Visual Studio Version 17
VisualStudioVersion = 17.6.33723.286
MinimumVisualStudioVersion = 10.0.40219.1
Project("{FAE04EC0-301F-11D3-BF4B-00C04F79EFBC}") = "ShoppingApp", "ShoppingApp\ShoppingApp.csproj", "{32FA7FD3-D10E-48D0-844C-7B4192B4ACCB}"
EndProject
Global
	GlobalSection(SolutionConfigurationPlatforms) = preSolution
		Debug|Any CPU = Debug|Any CPU
		Release|Any CPU = Release|Any CPU
	EndGlobalSection
	GlobalSection(ProjectConfigurationPlatforms) = postSolution
		{32FA7FD3-D10E-48D0-844C-7B4192B4ACCB}.Debug|Any CPU.ActiveCfg = Debug|Any CPU
		{32FA7FD3-D10E-48D0-844C-7B4192B4ACCB}.Debug|Any CPU.Build.0 = Debug|Any CPU
		{32FA7FD3-D10E-48D0-844C-7B4192B4ACCB}.Release|Any CPU.ActiveCfg = Release|Any CPU
		{32FA7FD3-D10E-48D0-844C-7B4192B4ACCB}.Release|Any CPU.Build.0 = Release|Any CPU
	EndGlobalSection
	GlobalSection(SolutionProperties) = preSolution
		HideSolutionNode = FALSE
	EndGlobalSection
	GlobalSection(ExtensibilityGlobals) = postSolution
		SolutionGuid = {70841B4C-16F0-4168-BAB1-49859F57EA11}
	EndGlobalSection
EndGlobal
