
Microsoft Visual Studio Solution File, Format Version 12.00
# Visual Studio Version 17
VisualStudioVersion = 17.6.33723.286
MinimumVisualStudioVersion = 10.0.40219.1
Project("{9A19103F-16F7-4668-BE54-9A1E7A4F7556}") = "ShoppingApp", "ShoppingApp\ShoppingApp.csproj", "{32FA7FD3-D10E-48D0-844C-7B4192B4ACCB}"
EndProject
Project("{9A19103F-16F7-4668-BE54-9A1E7A4F7556}") = "ShopingAPI", "ShopingAPI\ShopingAPI.csproj", "{D34BC9F7-032A-4CAC-9BD7-397B70B80BD4}"
EndProject
Project("{E53339B2-1760-4266-BCC7-CA923CBCF16C}") = "docker-compose", "docker-compose.dcproj", "{667F4A14-6F9F-477D-98D2-6ED109ACDCE4}"
EndProject
Global
	GlobalSection(SolutionConfigurationPlatforms) = preSolution
		Debug|Any CPU = Debug|Any CPU
		Release|Any CPU = Release|Any CPU
	EndGlobalSection
	GlobalSection(ProjectConfigurationPlatforms) = postSolution
		{32FA7FD3-D10E-48D0-844C-7B4192B4ACCB}.Debug|Any CPU.ActiveCfg = Debug|Any CPU
		{32FA7FD3-D10E-48D0-844C-7B4192B4ACCB}.Debug|Any CPU.Build.0 = Debug|Any CPU
		{32FA7FD3-D10E-48D0-844C-7B4192B4ACCB}.Release|Any CPU.ActiveCfg = Release|Any CPU
		{32FA7FD3-D10E-48D0-844C-7B4192B4ACCB}.Release|Any CPU.Build.0 = Release|Any CPU
		{D34BC9F7-032A-4CAC-9BD7-397B70B80BD4}.Debug|Any CPU.ActiveCfg = Debug|Any CPU
		{D34BC9F7-032A-4CAC-9BD7-397B70B80BD4}.Debug|Any CPU.Build.0 = Debug|Any CPU
		{D34BC9F7-032A-4CAC-9BD7-397B70B80BD4}.Release|Any CPU.ActiveCfg = Release|Any CPU
		{D34BC9F7-032A-4CAC-9BD7-397B70B80BD4}.Release|Any CPU.Build.0 = Release|Any CPU
		{667F4A14-6F9F-477D-98D2-6ED109ACDCE4}.Debug|Any CPU.ActiveCfg = Debug|Any CPU
		{667F4A14-6F9F-477D-98D2-6ED109ACDCE4}.Debug|Any CPU.Build.0 = Debug|Any CPU
		{667F4A14-6F9F-477D-98D2-6ED109ACDCE4}.Release|Any CPU.ActiveCfg = Release|Any CPU
		{667F4A14-6F9F-477D-98D2-6ED109ACDCE4}.Release|Any CPU.Build.0 = Release|Any CPU
	EndGlobalSection
	GlobalSection(SolutionProperties) = preSolution
		HideSolutionNode = FALSE
	EndGlobalSection
	GlobalSection(ExtensibilityGlobals) = postSolution
		SolutionGuid = {70841B4C-16F0-4168-BAB1-49859F57EA11}
	EndGlobalSection
EndGlobal
